
Microsoft Visual Studio Solution File, Format Version 12.00
# Visual Studio Version 17
VisualStudioVersion = 17.3.32819.101
MinimumVisualStudioVersion = 10.0.40219.1
Project("{FAE04EC0-301F-11D3-BF4B-00C04F79EFBC}") = "FrontChecadorHonorarios", "FrontChecadorHonorarios.csproj", "{1259FC0F-83F2-401B-A83A-135E93F1DC6F}"
EndProject
Global
	GlobalSection(SolutionConfigurationPlatforms) = preSolution
		Debug|Any CPU = Debug|Any CPU
		Release|Any CPU = Release|Any CPU
	EndGlobalSection
	GlobalSection(ProjectConfigurationPlatforms) = postSolution
		{1259FC0F-83F2-401B-A83A-135E93F1DC6F}.Debug|Any CPU.ActiveCfg = Debug|Any CPU
		{1259FC0F-83F2-401B-A83A-135E93F1DC6F}.Debug|Any CPU.Build.0 = Debug|Any CPU
		{1259FC0F-83F2-401B-A83A-135E93F1DC6F}.Release|Any CPU.ActiveCfg = Release|Any CPU
		{1259FC0F-83F2-401B-A83A-135E93F1DC6F}.Release|Any CPU.Build.0 = Release|Any CPU
	EndGlobalSection
	GlobalSection(SolutionProperties) = preSolution
		HideSolutionNode = FALSE
	EndGlobalSection
	GlobalSection(ExtensibilityGlobals) = postSolution
		SolutionGuid = {73D08FB0-355B-419D-BFAF-46F766104E21}
	EndGlobalSection
EndGlobal
